
Microsoft Visual Studio Solution File, Format Version 12.00
# Visual Studio Version 16
VisualStudioVersion = 16.0.29911.84
MinimumVisualStudioVersion = 10.0.40219.1
Project("{9A19103F-16F7-4668-BE54-9A1E7A4F7556}") = "CS-to-PlantUML-Converter", "CS-to-PlantUML-Converter.csproj", "{D0882026-4584-4670-8D45-4A13B968F3EB}"
EndProject
Global
	GlobalSection(SolutionConfigurationPlatforms) = preSolution
		Debug|Any CPU = Debug|Any CPU
		Release|Any CPU = Release|Any CPU
	EndGlobalSection
	GlobalSection(ProjectConfigurationPlatforms) = postSolution
		{D0882026-4584-4670-8D45-4A13B968F3EB}.Debug|Any CPU.ActiveCfg = Debug|Any CPU
		{D0882026-4584-4670-8D45-4A13B968F3EB}.Debug|Any CPU.Build.0 = Debug|Any CPU
		{D0882026-4584-4670-8D45-4A13B968F3EB}.Release|Any CPU.ActiveCfg = Release|Any CPU
		{D0882026-4584-4670-8D45-4A13B968F3EB}.Release|Any CPU.Build.0 = Release|Any CPU
	EndGlobalSection
	GlobalSection(SolutionProperties) = preSolution
		HideSolutionNode = FALSE
	EndGlobalSection
	GlobalSection(ExtensibilityGlobals) = postSolution
		SolutionGuid = {DA8A3962-EE62-4A26-AA4C-211990AAFD07}
	EndGlobalSection
EndGlobal
